
Microsoft Visual Studio Solution File, Format Version 9.00
# Visual Studio 2005
Project("{8BC9CEB8-8B4A-11D0-8D11-00A0C91BC942}") = "imgcmp", "imgcmp.vcproj", "{08473E81-B0BA-4BD3-9C17-EE23BA1E90A7}"
	ProjectSection(ProjectDependencies) = postProject
		{023DA19A-8901-4522-85FA-1A6F1A6A9161} = {023DA19A-8901-4522-85FA-1A6F1A6A9161}
	EndProjectSection
EndProject
Project("{8BC9CEB8-8B4A-11D0-8D11-00A0C91BC942}") = "imginfo", "imginfo.vcproj", "{810AF75A-EBC1-42BD-AEBD-F1A48CECDEDA}"
	ProjectSection(ProjectDependencies) = postProject
		{023DA19A-8901-4522-85FA-1A6F1A6A9161} = {023DA19A-8901-4522-85FA-1A6F1A6A9161}
	EndProjectSection
EndProject
Project("{8BC9CEB8-8B4A-11D0-8D11-00A0C91BC942}") = "jasper", "jasper.vcproj", "{36F2DD2F-AA1E-4386-9257-E9D501B618A1}"
	ProjectSection(ProjectDependencies) = postProject
		{023DA19A-8901-4522-85FA-1A6F1A6A9161} = {023DA19A-8901-4522-85FA-1A6F1A6A9161}
	EndProjectSection
EndProject
Project("{8BC9CEB8-8B4A-11D0-8D11-00A0C91BC942}") = "jiv", "jiv.vcproj", "{F3651133-7697-4251-8978-8B241C750399}"
	ProjectSection(ProjectDependencies) = postProject
		{023DA19A-8901-4522-85FA-1A6F1A6A9161} = {023DA19A-8901-4522-85FA-1A6F1A6A9161}
	EndProjectSection
EndProject
Project("{8BC9CEB8-8B4A-11D0-8D11-00A0C91BC942}") = "libjasper", "libjasper.vcproj", "{023DA19A-8901-4522-85FA-1A6F1A6A9161}"
EndProject
Global
	GlobalSection(SolutionConfigurationPlatforms) = preSolution
		Debug|Win32 = Debug|Win32
		Release|Win32 = Release|Win32
	EndGlobalSection
	GlobalSection(ProjectConfigurationPlatforms) = postSolution
		{08473E81-B0BA-4BD3-9C17-EE23BA1E90A7}.Debug|Win32.ActiveCfg = Debug|Win32
		{08473E81-B0BA-4BD3-9C17-EE23BA1E90A7}.Debug|Win32.Build.0 = Debug|Win32
		{08473E81-B0BA-4BD3-9C17-EE23BA1E90A7}.Release|Win32.ActiveCfg = Release|Win32
		{08473E81-B0BA-4BD3-9C17-EE23BA1E90A7}.Release|Win32.Build.0 = Release|Win32
		{810AF75A-EBC1-42BD-AEBD-F1A48CECDEDA}.Debug|Win32.ActiveCfg = Debug|Win32
		{810AF75A-EBC1-42BD-AEBD-F1A48CECDEDA}.Debug|Win32.Build.0 = Debug|Win32
		{810AF75A-EBC1-42BD-AEBD-F1A48CECDEDA}.Release|Win32.ActiveCfg = Release|Win32
		{810AF75A-EBC1-42BD-AEBD-F1A48CECDEDA}.Release|Win32.Build.0 = Release|Win32
		{36F2DD2F-AA1E-4386-9257-E9D501B618A1}.Debug|Win32.ActiveCfg = Debug|Win32
		{36F2DD2F-AA1E-4386-9257-E9D501B618A1}.Debug|Win32.Build.0 = Debug|Win32
		{36F2DD2F-AA1E-4386-9257-E9D501B618A1}.Release|Win32.ActiveCfg = Release|Win32
		{36F2DD2F-AA1E-4386-9257-E9D501B618A1}.Release|Win32.Build.0 = Release|Win32
		{F3651133-7697-4251-8978-8B241C750399}.Debug|Win32.ActiveCfg = Debug|Win32
		{F3651133-7697-4251-8978-8B241C750399}.Debug|Win32.Build.0 = Debug|Win32
		{F3651133-7697-4251-8978-8B241C750399}.Release|Win32.ActiveCfg = Release|Win32
		{F3651133-7697-4251-8978-8B241C750399}.Release|Win32.Build.0 = Release|Win32
		{023DA19A-8901-4522-85FA-1A6F1A6A9161}.Debug|Win32.ActiveCfg = Debug|Win32
		{023DA19A-8901-4522-85FA-1A6F1A6A9161}.Debug|Win32.Build.0 = Debug|Win32
		{023DA19A-8901-4522-85FA-1A6F1A6A9161}.Release|Win32.ActiveCfg = Release|Win32
		{023DA19A-8901-4522-85FA-1A6F1A6A9161}.Release|Win32.Build.0 = Release|Win32
	EndGlobalSection
	GlobalSection(SolutionProperties) = preSolution
		HideSolutionNode = FALSE
	EndGlobalSection
EndGlobal
